{
    "name": "landing-page",
    "version": "0.1.0",
    "lockfileVersion": 1,
    "requires": true,
    "dependencies": {
        "classnames": {
            "version": "2.2.6",
            "resolved": "https://registry.npmjs.org/classnames/-/classnames-2.2.6.tgz",
            "integrity": "sha512-JR/iSQOSt+LQIWwrwEzJ9uk0xfN3mTVYMwt1Ir5mUcSN6pU+V4zQFFaJsclJbPuAUQH+yfWef6tm7l1quW3C8Q=="
        },
        "fast-memoize": {
            "version": "2.5.1",
            "resolved": "https://registry.npmjs.org/fast-memoize/-/fast-memoize-2.5.1.tgz",
            "integrity": "sha512-xdmw296PCL01tMOXx9mdJSmWY29jQgxyuZdq0rEHMu+Tpe1eOEtCycoG6chzlcrWsNgpZP7oL8RiQr7+G6Bl6g=="
        },
        "graphql": {
            "version": "14.4.2",
            "resolved": "https://registry.npmjs.org/graphql/-/graphql-14.4.2.tgz",
            "integrity": "sha512-6uQadiRgnpnSS56hdZUSvFrVcQ6OF9y6wkxJfKquFtHlnl7+KSuWwSJsdwiK1vybm1HgcdbpGkCpvhvsVQ0UZQ==",
            "requires": {
                "iterall": "^1.2.2"
            }
        },
        "graphql-tag": {
            "version": "2.10.1",
            "resolved": "https://registry.npmjs.org/graphql-tag/-/graphql-tag-2.10.1.tgz",
            "integrity": "sha512-jApXqWBzNXQ8jYa/HLkZJaVw9jgwNqZkywa2zfFn16Iv1Zb7ELNHkJaXHR7Quvd5SIGsy6Ny7SUKATgnu05uEg=="
        },
        "iterall": {
            "version": "1.2.2",
            "resolved": "https://registry.npmjs.org/iterall/-/iterall-1.2.2.tgz",
            "integrity": "sha512-yynBb1g+RFUPY64fTrFv7nsjRrENBQJaX2UL+2Szc9REFrSNm1rpSXHGzhmAy7a9uv3vlvgBlXnf9RqmPH1/DA=="
        },
        "js-tokens": {
            "version": "4.0.0",
            "resolved": "https://registry.npmjs.org/js-tokens/-/js-tokens-4.0.0.tgz",
            "integrity": "sha512-RdJUflcE3cUzKiMqQgsCu06FPu9UdIJO0beYbPhHN4k6apgJtifcoCtT9bcxOpYBtpD2kCM6Sbzg4CausW/PKQ=="
        },
        "lodash": {
            "version": "4.17.15",
            "resolved": "https://registry.npmjs.org/lodash/-/lodash-4.17.15.tgz",
            "integrity": "sha512-8xOcRHvCjnocdS5cpwXQXVzmmh5e5+saE2QGoeQmbKmRS6J3VQppPOIt0MnmE+4xlZoumy0GPG0D0MVIQbNA1A=="
        },
        "loose-envify": {
            "version": "1.4.0",
            "resolved": "https://registry.npmjs.org/loose-envify/-/loose-envify-1.4.0.tgz",
            "integrity": "sha512-lyuxPGr/Wfhrlem2CL/UcnUc1zcqKAImBDzukY7Y5F/yQiNdko6+fRLevlw1HgMySw7f611UIY408EtxRSoK3Q==",
            "requires": {
                "js-tokens": "^3.0.0 || ^4.0.0"
            }
        },
        "object-assign": {
            "version": "4.1.1",
            "resolved": "https://registry.npmjs.org/object-assign/-/object-assign-4.1.1.tgz",
            "integrity": "sha1-IQmtx5ZYh8/AXLvUQsrIv7s2CGM="
        },
        "prop-types": {
            "version": "15.7.2",
            "resolved": "https://registry.npmjs.org/prop-types/-/prop-types-15.7.2.tgz",
            "integrity": "sha512-8QQikdH7//R2vurIJSutZ1smHYTcLpRWEOlHnzcWHmBYrOGUysKwSsrC89BCiFj3CbrfJ/nXFdJepOVrY1GCHQ==",
            "requires": {
                "loose-envify": "^1.4.0",
                "object-assign": "^4.1.1",
                "react-is": "^16.8.1"
            }
        },
        "react": {
            "version": "16.8.6",
            "resolved": "https://registry.npmjs.org/react/-/react-16.8.6.tgz",
            "integrity": "sha512-pC0uMkhLaHm11ZSJULfOBqV4tIZkx87ZLvbbQYunNixAAvjnC+snJCg0XQXn9VIsttVsbZP/H/ewzgsd5fxKXw==",
            "requires": {
                "loose-envify": "^1.1.0",
                "object-assign": "^4.1.1",
                "prop-types": "^15.6.2",
                "scheduler": "^0.13.6"
            }
        },
        "react-dom": {
            "version": "16.8.6",
            "resolved": "https://registry.npmjs.org/react-dom/-/react-dom-16.8.6.tgz",
            "integrity": "sha512-1nL7PIq9LTL3fthPqwkvr2zY7phIPjYrT0jp4HjyEQrEROnw4dG41VVwi/wfoCneoleqrNX7iAD+pXebJZwrwA==",
            "requires": {
                "loose-envify": "^1.1.0",
                "object-assign": "^4.1.1",
                "prop-types": "^15.6.2",
                "scheduler": "^0.13.6"
            }
        },
        "react-is": {
            "version": "16.8.6",
            "resolved": "https://registry.npmjs.org/react-is/-/react-is-16.8.6.tgz",
            "integrity": "sha512-aUk3bHfZ2bRSVFFbbeVS4i+lNPZr3/WM5jT2J5omUVV1zzcs1nAaf3l51ctA5FFvCRbhrH0bdAsRRQddFJZPtA=="
        },
        "react-simple-tree-menu": {
            "version": "1.1.4",
            "resolved": "https://registry.npmjs.org/react-simple-tree-menu/-/react-simple-tree-menu-1.1.4.tgz",
            "integrity": "sha512-Zt3jBxFYkmHAS/LlMjcAWjtUT/rXN7vbX1MdTMdEnhVoViRxqPqtrS7lZwcitdHN9U2XlD4mVBHk70r9noA74w==",
            "requires": {
                "classnames": "^2.2.6",
                "fast-memoize": "^2.5.1",
                "lodash": "^4.17.11"
            }
        },
        "react-table": {
            "version": "6.10.0",
            "resolved": "https://registry.npmjs.org/react-table/-/react-table-6.10.0.tgz",
            "integrity": "sha512-s/mQLI1+mNvlae45MfAZyZ04YIT3jUzWJqx34s0tfwpDdgJkpeK6vyzwMUkKFCpGODBxpjBOekYZzcEmk+2FiQ==",
            "requires": {
                "classnames": "^2.2.5"
            }
        },
        "scheduler": {
            "version": "0.13.6",
            "resolved": "https://registry.npmjs.org/scheduler/-/scheduler-0.13.6.tgz",
            "integrity": "sha512-IWnObHt413ucAYKsD9J1QShUKkbKLQQHdxRyw73sw4FN26iWr3DY/H34xGPe4nmL1DwXyWmSWmMrA9TfQbE/XQ==",
            "requires": {
                "loose-envify": "^1.1.0",
                "object-assign": "^4.1.1"
            }
        }
    }
}
